
Microsoft Visual Studio Solution File, Format Version 12.00
# Visual Studio Version 17
VisualStudioVersion = 17.9.34902.65
MinimumVisualStudioVersion = 10.0.40219.1
Project("{FAE04EC0-301F-11D3-BF4B-00C04F79EFBC}") = "WebApplication1", "WebApplication1\WebApplication1.csproj", "{2EE8FB3F-BD05-426F-8183-60E24055E240}"
EndProject
Global
	GlobalSection(SolutionConfigurationPlatforms) = preSolution
		Debug|Any CPU = Debug|Any CPU
		Release|Any CPU = Release|Any CPU
	EndGlobalSection
	GlobalSection(ProjectConfigurationPlatforms) = postSolution
		{2EE8FB3F-BD05-426F-8183-60E24055E240}.Debug|Any CPU.ActiveCfg = Debug|Any CPU
		{2EE8FB3F-BD05-426F-8183-60E24055E240}.Debug|Any CPU.Build.0 = Debug|Any CPU
		{2EE8FB3F-BD05-426F-8183-60E24055E240}.Release|Any CPU.ActiveCfg = Release|Any CPU
		{2EE8FB3F-BD05-426F-8183-60E24055E240}.Release|Any CPU.Build.0 = Release|Any CPU
	EndGlobalSection
	GlobalSection(SolutionProperties) = preSolution
		HideSolutionNode = FALSE
	EndGlobalSection
	GlobalSection(ExtensibilityGlobals) = postSolution
		SolutionGuid = {757250D5-4613-459F-991F-58BA0A42FB95}
	EndGlobalSection
EndGlobal
